
Microsoft Visual Studio Solution File, Format Version 12.00
# Visual Studio Version 17
VisualStudioVersion = 17.14.36705.20 d17.14
MinimumVisualStudioVersion = 10.0.40219.1
Project("{FAE04EC0-301F-11D3-BF4B-00C04F79EFBC}") = "MVCActionResults", "MVCActionResults.csproj", "{76B3F2FC-F910-4677-9C31-6E0313FEA33C}"
EndProject
Global
	GlobalSection(SolutionConfigurationPlatforms) = preSolution
		Debug|Any CPU = Debug|Any CPU
		Release|Any CPU = Release|Any CPU
	EndGlobalSection
	GlobalSection(ProjectConfigurationPlatforms) = postSolution
		{76B3F2FC-F910-4677-9C31-6E0313FEA33C}.Debug|Any CPU.ActiveCfg = Debug|Any CPU
		{76B3F2FC-F910-4677-9C31-6E0313FEA33C}.Debug|Any CPU.Build.0 = Debug|Any CPU
		{76B3F2FC-F910-4677-9C31-6E0313FEA33C}.Release|Any CPU.ActiveCfg = Release|Any CPU
		{76B3F2FC-F910-4677-9C31-6E0313FEA33C}.Release|Any CPU.Build.0 = Release|Any CPU
	EndGlobalSection
	GlobalSection(SolutionProperties) = preSolution
		HideSolutionNode = FALSE
	EndGlobalSection
	GlobalSection(ExtensibilityGlobals) = postSolution
		SolutionGuid = {E5F74979-462D-4C6A-9A35-6902F7143D59}
	EndGlobalSection
EndGlobal
